PODS:
  - JPSuspensionEntrance (0.1.9)

DEPENDENCIES:
  - JPSuspensionEntrance (from `../`)

EXTERNAL SOURCES:
  JPSuspensionEntrance:
    :path: "../"

SPEC CHECKSUMS:
  JPSuspensionEntrance: 352b80d82261ac5dd139978c691ca07effa8110f

PODFILE CHECKSUM: 643c8ed7dab84b2015d185bafebb876510ef496d

COCOAPODS: 1.5.3
